
Microsoft Visual Studio Solution File, Format Version 12.00
# Visual Studio Version 17
VisualStudioVersion = 17.12.35707.178
MinimumVisualStudioVersion = 10.0.40219.1
Project("{FAE04EC0-301F-11D3-BF4B-00C04F79EFBC}") = "apiTest", "test\apiTest\apiTest.csproj", "{32C60032-BD67-74A4-5D1C-F9DF5EC57F9B}"
EndProject
Project("{FAE04EC0-301F-11D3-BF4B-00C04F79EFBC}") = "api", "api\api.csproj", "{CBFA08EA-AECE-205F-7B85-326FD0B81BAD}"
EndProject
Global
	GlobalSection(SolutionConfigurationPlatforms) = preSolution
		Debug|Any CPU = Debug|Any CPU
		Release|Any CPU = Release|Any CPU
	EndGlobalSection
	GlobalSection(ProjectConfigurationPlatforms) = postSolution
		{32C60032-BD67-74A4-5D1C-F9DF5EC57F9B}.Debug|Any CPU.ActiveCfg = Debug|Any CPU
		{32C60032-BD67-74A4-5D1C-F9DF5EC57F9B}.Debug|Any CPU.Build.0 = Debug|Any CPU
		{32C60032-BD67-74A4-5D1C-F9DF5EC57F9B}.Release|Any CPU.ActiveCfg = Release|Any CPU
		{32C60032-BD67-74A4-5D1C-F9DF5EC57F9B}.Release|Any CPU.Build.0 = Release|Any CPU
		{CBFA08EA-AECE-205F-7B85-326FD0B81BAD}.Debug|Any CPU.ActiveCfg = Debug|Any CPU
		{CBFA08EA-AECE-205F-7B85-326FD0B81BAD}.Debug|Any CPU.Build.0 = Debug|Any CPU
		{CBFA08EA-AECE-205F-7B85-326FD0B81BAD}.Release|Any CPU.ActiveCfg = Release|Any CPU
		{CBFA08EA-AECE-205F-7B85-326FD0B81BAD}.Release|Any CPU.Build.0 = Release|Any CPU
	EndGlobalSection
	GlobalSection(SolutionProperties) = preSolution
		HideSolutionNode = FALSE
	EndGlobalSection
	GlobalSection(ExtensibilityGlobals) = postSolution
		SolutionGuid = {D3BA5A37-2CF7-4745-993C-3E14D0F98A16}
	EndGlobalSection
EndGlobal
